
Microsoft Visual Studio Solution File, Format Version 12.00
# Visual Studio Version 16
VisualStudioVersion = 16.0.35229.62
MinimumVisualStudioVersion = 10.0.40219.1
Project("{FAE04EC0-301F-11D3-BF4B-00C04F79EFBC}") = "HotKeysMod", "HotKeysMod.csproj", "{7437056A-5087-44AD-9C07-B310B9063625}"
EndProject
Global
	GlobalSection(SolutionConfigurationPlatforms) = preSolution
		Debug|Any CPU = Debug|Any CPU
		Release|Any CPU = Release|Any CPU
	EndGlobalSection
	GlobalSection(ProjectConfigurationPlatforms) = postSolution
		{7437056A-5087-44AD-9C07-B310B9063625}.Debug|Any CPU.ActiveCfg = Debug|Any CPU
		{7437056A-5087-44AD-9C07-B310B9063625}.Debug|Any CPU.Build.0 = Debug|Any CPU
		{7437056A-5087-44AD-9C07-B310B9063625}.Release|Any CPU.ActiveCfg = Release|Any CPU
		{7437056A-5087-44AD-9C07-B310B9063625}.Release|Any CPU.Build.0 = Release|Any CPU
	EndGlobalSection
	GlobalSection(SolutionProperties) = preSolution
		HideSolutionNode = FALSE
	EndGlobalSection
	GlobalSection(ExtensibilityGlobals) = postSolution
		SolutionGuid = {BF294B42-5BA7-4155-931D-E6A5EAD81E1D}
	EndGlobalSection
EndGlobal
